
Microsoft Visual Studio Solution File, Format Version 12.00
# Visual Studio Version 16
VisualStudioVersion = 16.0.30011.22
MinimumVisualStudioVersion = 10.0.40219.1
Project("{FAE04EC0-301F-11D3-BF4B-00C04F79EFBC}") = "showminmaxnumber", "showminmaxnumber\showminmaxnumber.csproj", "{F4432EC3-96D3-4C82-8E5D-FBB70CD0CCDB}"
EndProject
Global
	GlobalSection(SolutionConfigurationPlatforms) = preSolution
		Debug|Any CPU = Debug|Any CPU
		Release|Any CPU = Release|Any CPU
	EndGlobalSection
	GlobalSection(ProjectConfigurationPlatforms) = postSolution
		{F4432EC3-96D3-4C82-8E5D-FBB70CD0CCDB}.Debug|Any CPU.ActiveCfg = Debug|Any CPU
		{F4432EC3-96D3-4C82-8E5D-FBB70CD0CCDB}.Debug|Any CPU.Build.0 = Debug|Any CPU
		{F4432EC3-96D3-4C82-8E5D-FBB70CD0CCDB}.Release|Any CPU.ActiveCfg = Release|Any CPU
		{F4432EC3-96D3-4C82-8E5D-FBB70CD0CCDB}.Release|Any CPU.Build.0 = Release|Any CPU
	EndGlobalSection
	GlobalSection(SolutionProperties) = preSolution
		HideSolutionNode = FALSE
	EndGlobalSection
	GlobalSection(ExtensibilityGlobals) = postSolution
		SolutionGuid = {14B2ABED-890D-415D-95F8-405ABD67A330}
	EndGlobalSection
EndGlobal
